// !$*UTF8*$!
{
	archiveVersion = 1;
	classes = {
	};
	objectVersion = 56;
	objects = {

/* Begin PBXBuildFile section */
		C013672528996E5900AE83F7 /* Simple_StocksApp.swift in Sources */ = {isa = PBXBuildFile; fileRef = C013672428996E5900AE83F7 /* Simple_StocksApp.swift */; };
		C013672728996E5900AE83F7 /* ContentView.swift in Sources */ = {isa = PBXBuildFile; fileRef = C013672628996E5900AE83F7 /* ContentView.swift */; };
		C013672928996E5A00AE83F7 /* Assets.xcassets in Resources */ = {isa = PBXBuildFile; fileRef = C013672828996E5A00AE83F7 /* Assets.xcassets */; };
		C013672C28996E5A00AE83F7 /* Preview Assets.xcassets in Resources */ = {isa = PBXBuildFile; fileRef = C013672B28996E5A00AE83F7 /* Preview Assets.xcassets */; };
		C013673628996E5B00AE83F7 /* Simple_StocksTests.swift in Sources */ = {isa = PBXBuildFile; fileRef = C013673528996E5B00AE83F7 /* Simple_StocksTests.swift */; };
		C013674028996E5B00AE83F7 /* Simple_StocksUITests.swift in Sources */ = {isa = PBXBuildFile; fileRef = C013673F28996E5B00AE83F7 /* Simple_StocksUITests.swift */; };
		C013674228996E5B00AE83F7 /* Simple_StocksUITestsLaunchTests.swift in Sources */ = {isa = PBXBuildFile; fileRef = C013674128996E5B00AE83F7 /* Simple_StocksUITestsLaunchTests.swift */; };
		C01367502899732D00AE83F7 /* Stock.swift in Sources */ = {isa = PBXBuildFile; fileRef = C013674F2899732D00AE83F7 /* Stock.swift */; };
		C01367512899732D00AE83F7 /* Stock.swift in Sources */ = {isa = PBXBuildFile; fileRef = C013674F2899732D00AE83F7 /* Stock.swift */; };
		C01367552899737B00AE83F7 /* AppContants.swift in Sources */ = {isa = PBXBuildFile; fileRef = C01367542899737B00AE83F7 /* AppContants.swift */; };
		C01367562899737B00AE83F7 /* AppContants.swift in Sources */ = {isa = PBXBuildFile; fileRef = C01367542899737B00AE83F7 /* AppContants.swift */; };
		C01367592899747B00AE83F7 /* GetStocks.swift in Sources */ = {isa = PBXBuildFile; fileRef = C01367582899747B00AE83F7 /* GetStocks.swift */; };
		C013675A2899747B00AE83F7 /* GetStocks.swift in Sources */ = {isa = PBXBuildFile; fileRef = C01367582899747B00AE83F7 /* GetStocks.swift */; };
		C013675C2899748500AE83F7 /* GetNews.swift in Sources */ = {isa = PBXBuildFile; fileRef = C013675B2899748500AE83F7 /* GetNews.swift */; };
		C013675D2899748500AE83F7 /* GetNews.swift in Sources */ = {isa = PBXBuildFile; fileRef = C013675B2899748500AE83F7 /* GetNews.swift */; };
		C01367602899794400AE83F7 /* New.swift in Sources */ = {isa = PBXBuildFile; fileRef = C013675F2899794400AE83F7 /* New.swift */; };
		C01367612899794400AE83F7 /* New.swift in Sources */ = {isa = PBXBuildFile; fileRef = C013675F2899794400AE83F7 /* New.swift */; };
		C0C53ECE289AB5420030228A /* StockView.swift in Sources */ = {isa = PBXBuildFile; fileRef = C0C53ECD289AB5420030228A /* StockView.swift */; };
		C0C53ED0289ACC550030228A /* NewsArticleView.swift in Sources */ = {isa = PBXBuildFile; fileRef = C0C53ECF289ACC550030228A /* NewsArticleView.swift */; };
		C0C53ED3289ACD070030228A /* URLImage in Frameworks */ = {isa = PBXBuildFile; productRef = C0C53ED2289ACD070030228A /* URLImage */; };
		C0C53ED5289ACE970030228A /* NewsArticleViewModel.swift in Sources */ = {isa = PBXBuildFile; fileRef = C0C53ED4289ACE970030228A /* NewsArticleViewModel.swift */; };
		C0C89A72289A5FD600BDB174 /* StockViewModel.swift in Sources */ = {isa = PBXBuildFile; fileRef = C0C89A71289A5FD600BDB174 /* StockViewModel.swift */; };
		C0C89A77289A643900BDB174 /* .swiftlint.yml in Resources */ = {isa = PBXBuildFile; fileRef = C0C89A76289A643900BDB174 /* .swiftlint.yml */; };
		C0C89A79289A668000BDB174 /* StockListViewModel.swift in Sources */ = {isa = PBXBuildFile; fileRef = C0C89A78289A668000BDB174 /* StockListViewModel.swift */; };
/* End PBXBuildFile section */

/* Begin PBXContainerItemProxy section */
		C013673228996E5B00AE83F7 /* PBXContainerItemProxy */ = {
			isa = PBXContainerItemProxy;
			containerPortal = C013671928996E5900AE83F7 /* Project object */;
			proxyType = 1;
			remoteGlobalIDString = C013672028996E5900AE83F7;
			remoteInfo = "Simple Stocks";
		};
		C013673C28996E5B00AE83F7 /* PBXContainerItemProxy */ = {
			isa = PBXContainerItemProxy;
			containerPortal = C013671928996E5900AE83F7 /* Project object */;
			proxyType = 1;
			remoteGlobalIDString = C013672028996E5900AE83F7;
			remoteInfo = "Simple Stocks";
		};
/* End PBXContainerItemProxy section */

/* Begin PBXFileReference section */
		C013672128996E5900AE83F7 /* Simple Stocks.app */ = {isa = PBXFileReference; explicitFileType = wrapper.application; includeInIndex = 0; path = "Simple Stocks.app"; sourceTree = BUILT_PRODUCTS_DIR; };
		C013672428996E5900AE83F7 /* Simple_StocksApp.swift */ = {isa = PBXFileReference; lastKnownFileType = sourcecode.swift; path = Simple_StocksApp.swift; sourceTree = "<group>"; };
		C013672628996E5900AE83F7 /* ContentView.swift */ = {isa = PBXFileReference; lastKnownFileType = sourcecode.swift; path = ContentView.swift; sourceTree = "<group>"; };
		C013672828996E5A00AE83F7 /* Assets.xcassets */ = {isa = PBXFileReference; lastKnownFileType = folder.assetcatalog; path = Assets.xcassets; sourceTree = "<group>"; };
		C013672B28996E5A00AE83F7 /* Preview Assets.xcassets */ = {isa = PBXFileReference; lastKnownFileType = folder.assetcatalog; path = "Preview Assets.xcassets"; sourceTree = "<group>"; };
		C013673128996E5B00AE83F7 /* Simple StocksTests.xctest */ = {isa = PBXFileReference; explicitFileType = wrapper.cfbundle; includeInIndex = 0; path = "Simple StocksTests.xctest"; sourceTree = BUILT_PRODUCTS_DIR; };
		C013673528996E5B00AE83F7 /* Simple_StocksTests.swift */ = {isa = PBXFileReference; lastKnownFileType = sourcecode.swift; path = Simple_StocksTests.swift; sourceTree = "<group>"; };
		C013673B28996E5B00AE83F7 /* Simple StocksUITests.xctest */ = {isa = PBXFileReference; explicitFileType = wrapper.cfbundle; includeInIndex = 0; path = "Simple StocksUITests.xctest"; sourceTree = BUILT_PRODUCTS_DIR; };
		C013673F28996E5B00AE83F7 /* Simple_StocksUITests.swift */ = {isa = PBXFileReference; lastKnownFileType = sourcecode.swift; path = Simple_StocksUITests.swift; sourceTree = "<group>"; };
		C013674128996E5B00AE83F7 /* Simple_StocksUITestsLaunchTests.swift */ = {isa = PBXFileReference; lastKnownFileType = sourcecode.swift; path = Simple_StocksUITestsLaunchTests.swift; sourceTree = "<group>"; };
		C013674F2899732D00AE83F7 /* Stock.swift */ = {isa = PBXFileReference; lastKnownFileType = sourcecode.swift; path = Stock.swift; sourceTree = "<group>"; };
		C01367542899737B00AE83F7 /* AppContants.swift */ = {isa = PBXFileReference; lastKnownFileType = sourcecode.swift; path = AppContants.swift; sourceTree = "<group>"; };
		C01367582899747B00AE83F7 /* GetStocks.swift */ = {isa = PBXFileReference; lastKnownFileType = sourcecode.swift; path = GetStocks.swift; sourceTree = "<group>"; };
		C013675B2899748500AE83F7 /* GetNews.swift */ = {isa = PBXFileReference; lastKnownFileType = sourcecode.swift; path = GetNews.swift; sourceTree = "<group>"; };
		C013675F2899794400AE83F7 /* New.swift */ = {isa = PBXFileReference; lastKnownFileType = sourcecode.swift; path = New.swift; sourceTree = "<group>"; };
		C0C53ECD289AB5420030228A /* StockView.swift */ = {isa = PBXFileReference; lastKnownFileType = sourcecode.swift; path = StockView.swift; sourceTree = "<group>"; };
		C0C53ECF289ACC550030228A /* NewsArticleView.swift */ = {isa = PBXFileReference; lastKnownFileType = sourcecode.swift; path = NewsArticleView.swift; sourceTree = "<group>"; };
		C0C53ED4289ACE970030228A /* NewsArticleViewModel.swift */ = {isa = PBXFileReference; lastKnownFileType = sourcecode.swift; path = NewsArticleViewModel.swift; sourceTree = "<group>"; };
		C0C89A71289A5FD600BDB174 /* StockViewModel.swift */ = {isa = PBXFileReference; lastKnownFileType = sourcecode.swift; path = StockViewModel.swift; sourceTree = "<group>"; };
		C0C89A76289A643900BDB174 /* .swiftlint.yml */ = {isa = PBXFileReference; lastKnownFileType = text.yaml; path = .swiftlint.yml; sourceTree = "<group>"; };
		C0C89A78289A668000BDB174 /* StockListViewModel.swift */ = {isa = PBXFileReference; lastKnownFileType = sourcecode.swift; path = StockListViewModel.swift; sourceTree = "<group>"; };
/* End PBXFileReference section */

/* Begin PBXFrameworksBuildPhase section */
		C013671E28996E5900AE83F7 /* Frameworks */ = {
			isa = PBXFrameworksBuildPhase;
			buildActionMask = 2147483647;
			files = (
				C0C53ED3289ACD070030228A /* URLImage in Frameworks */,
			);
			runOnlyForDeploymentPostprocessing = 0;
		};
		C013672E28996E5B00AE83F7 /* Frameworks */ = {
			isa = PBXFrameworksBuildPhase;
			buildActionMask = 2147483647;
			files = (
			);
			runOnlyForDeploymentPostprocessing = 0;
		};
		C013673828996E5B00AE83F7 /* Frameworks */ = {
			isa = PBXFrameworksBuildPhase;
			buildActionMask = 2147483647;
			files = (
			);
			runOnlyForDeploymentPostprocessing = 0;
		};
/* End PBXFrameworksBuildPhase section */

/* Begin PBXGroup section */
		C013671828996E5900AE83F7 = {
			isa = PBXGroup;
			children = (
				C0C89A76289A643900BDB174 /* .swiftlint.yml */,
				C013672328996E5900AE83F7 /* Simple Stocks */,
				C013673428996E5B00AE83F7 /* Simple StocksTests */,
				C013673E28996E5B00AE83F7 /* Simple StocksUITests */,
				C013672228996E5900AE83F7 /* Products */,
			);
			sourceTree = "<group>";
		};
		C013672228996E5900AE83F7 /* Products */ = {
			isa = PBXGroup;
			children = (
				C013672128996E5900AE83F7 /* Simple Stocks.app */,
				C013673128996E5B00AE83F7 /* Simple StocksTests.xctest */,
				C013673B28996E5B00AE83F7 /* Simple StocksUITests.xctest */,
			);
			name = Products;
			sourceTree = "<group>";
		};
		C013672328996E5900AE83F7 /* Simple Stocks */ = {
			isa = PBXGroup;
			children = (
				C013672628996E5900AE83F7 /* ContentView.swift */,
				C0C53ECD289AB5420030228A /* StockView.swift */,
				C0C53ECF289ACC550030228A /* NewsArticleView.swift */,
				C0C89A70289A5FC500BDB174 /* ViewModel */,
				C01367532899736F00AE83F7 /* Util */,
				C01367522899736700AE83F7 /* Webservice */,
				C013674E2899731800AE83F7 /* Model */,
				C013672428996E5900AE83F7 /* Simple_StocksApp.swift */,
				C013672828996E5A00AE83F7 /* Assets.xcassets */,
				C013672A28996E5A00AE83F7 /* Preview Content */,
			);
			path = "Simple Stocks";
			sourceTree = "<group>";
		};
		C013672A28996E5A00AE83F7 /* Preview Content */ = {
			isa = PBXGroup;
			children = (
				C013672B28996E5A00AE83F7 /* Preview Assets.xcassets */,
			);
			path = "Preview Content";
			sourceTree = "<group>";
		};
		C013673428996E5B00AE83F7 /* Simple StocksTests */ = {
			isa = PBXGroup;
			children = (
				C04E795128A103E400857754 /* UITest */,
				C013673528996E5B00AE83F7 /* Simple_StocksTests.swift */,
			);
			path = "Simple StocksTests";
			sourceTree = "<group>";
		};
		C013673E28996E5B00AE83F7 /* Simple StocksUITests */ = {
			isa = PBXGroup;
			children = (
				C013673F28996E5B00AE83F7 /* Simple_StocksUITests.swift */,
				C013674128996E5B00AE83F7 /* Simple_StocksUITestsLaunchTests.swift */,
			);
			path = "Simple StocksUITests";
			sourceTree = "<group>";
		};
		C013674E2899731800AE83F7 /* Model */ = {
			isa = PBXGroup;
			children = (
				C013674F2899732D00AE83F7 /* Stock.swift */,
				C013675F2899794400AE83F7 /* New.swift */,
			);
			path = Model;
			sourceTree = "<group>";
		};
		C01367522899736700AE83F7 /* Webservice */ = {
			isa = PBXGroup;
			children = (
				C01367582899747B00AE83F7 /* GetStocks.swift */,
				C013675B2899748500AE83F7 /* GetNews.swift */,
			);
			path = Webservice;
			sourceTree = "<group>";
		};
		C01367532899736F00AE83F7 /* Util */ = {
			isa = PBXGroup;
			children = (
				C01367542899737B00AE83F7 /* AppContants.swift */,
			);
			path = Util;
			sourceTree = "<group>";
		};
		C04E795128A103E400857754 /* UITest */ = {
			isa = PBXGroup;
			children = (
			);
			path = UITest;
			sourceTree = "<group>";
		};
		C0C89A70289A5FC500BDB174 /* ViewModel */ = {
			isa = PBXGroup;
			children = (
				C0C89A71289A5FD600BDB174 /* StockViewModel.swift */,
				C0C89A78289A668000BDB174 /* StockListViewModel.swift */,
				C0C53ED4289ACE970030228A /* NewsArticleViewModel.swift */,
			);
			path = ViewModel;
			sourceTree = "<group>";
		};
/* End PBXGroup section */

/* Begin PBXNativeTarget section */
		C013672028996E5900AE83F7 /* Simple Stocks */ = {
			isa = PBXNativeTarget;
			buildConfigurationList = C013674528996E5B00AE83F7 /* Build configuration list for PBXNativeTarget "Simple Stocks" */;
			buildPhases = (
				C013671D28996E5900AE83F7 /* Sources */,
				C013671E28996E5900AE83F7 /* Frameworks */,
				C013671F28996E5900AE83F7 /* Resources */,
				C0C89A73289A60F000BDB174 /* ShellScript */,
			);
			buildRules = (
			);
			dependencies = (
			);
			name = "Simple Stocks";
			packageProductDependencies = (
				C0C53ED2289ACD070030228A /* URLImage */,
			);
			productName = "Simple Stocks";
			productReference = C013672128996E5900AE83F7 /* Simple Stocks.app */;
			productType = "com.apple.product-type.application";
		};
		C013673028996E5B00AE83F7 /* Simple StocksTests */ = {
			isa = PBXNativeTarget;
			buildConfigurationList = C013674828996E5B00AE83F7 /* Build configuration list for PBXNativeTarget "Simple StocksTests" */;
			buildPhases = (
				C013672D28996E5B00AE83F7 /* Sources */,
				C013672E28996E5B00AE83F7 /* Frameworks */,
				C013672F28996E5B00AE83F7 /* Resources */,
			);
			buildRules = (
			);
			dependencies = (
				C013673328996E5B00AE83F7 /* PBXTargetDependency */,
			);
			name = "Simple StocksTests";
			productName = "Simple StocksTests";
			productReference = C013673128996E5B00AE83F7 /* Simple StocksTests.xctest */;
			productType = "com.apple.product-type.bundle.unit-test";
		};
		C013673A28996E5B00AE83F7 /* Simple StocksUITests */ = {
			isa = PBXNativeTarget;
			buildConfigurationList = C013674B28996E5B00AE83F7 /* Build configuration list for PBXNativeTarget "Simple StocksUITests" */;
			buildPhases = (
				C013673728996E5B00AE83F7 /* Sources */,
				C013673828996E5B00AE83F7 /* Frameworks */,
				C013673928996E5B00AE83F7 /* Resources */,
			);
			buildRules = (
			);
			dependencies = (
				C013673D28996E5B00AE83F7 /* PBXTargetDependency */,
			);
			name = "Simple StocksUITests";
			productName = "Simple StocksUITests";
			productReference = C013673B28996E5B00AE83F7 /* Simple StocksUITests.xctest */;
			productType = "com.apple.product-type.bundle.ui-testing";
		};
/* End PBXNativeTarget section */

/* Begin PBXProject section */
		C013671928996E5900AE83F7 /* Project object */ = {
			isa = PBXProject;
			attributes = {
				BuildIndependentTargetsInParallel = 1;
				LastSwiftUpdateCheck = 1400;
				LastUpgradeCheck = 1400;
				TargetAttributes = {
					C013672028996E5900AE83F7 = {
						CreatedOnToolsVersion = 14.0;
					};
					C013673028996E5B00AE83F7 = {
						CreatedOnToolsVersion = 14.0;
						TestTargetID = C013672028996E5900AE83F7;
					};
					C013673A28996E5B00AE83F7 = {
						CreatedOnToolsVersion = 14.0;
						TestTargetID = C013672028996E5900AE83F7;
					};
				};
			};
			buildConfigurationList = C013671C28996E5900AE83F7 /* Build configuration list for PBXProject "Simple Stocks" */;
			compatibilityVersion = "Xcode 14.0";
			developmentRegion = en;
			hasScannedForEncodings = 0;
			knownRegions = (
				en,
				Base,
			);
			mainGroup = C013671828996E5900AE83F7;
			packageReferences = (
				C0C53ED1289ACD070030228A /* XCRemoteSwiftPackageReference "url-image" */,
			);
			productRefGroup = C013672228996E5900AE83F7 /* Products */;
			projectDirPath = "";
			projectRoot = "";
			targets = (
				C013672028996E5900AE83F7 /* Simple Stocks */,
				C013673028996E5B00AE83F7 /* Simple StocksTests */,
				C013673A28996E5B00AE83F7 /* Simple StocksUITests */,
			);
		};
/* End PBXProject section */

/* Begin PBXResourcesBuildPhase section */
		C013671F28996E5900AE83F7 /* Resources */ = {
			isa = PBXResourcesBuildPhase;
			buildActionMask = 2147483647;
			files = (
				C0C89A77289A643900BDB174 /* .swiftlint.yml in Resources */,
				C013672C28996E5A00AE83F7 /* Preview Assets.xcassets in Resources */,
				C013672928996E5A00AE83F7 /* Assets.xcassets in Resources */,
			);
			runOnlyForDeploymentPostprocessing = 0;
		};
		C013672F28996E5B00AE83F7 /* Resources */ = {
			isa = PBXResourcesBuildPhase;
			buildActionMask = 2147483647;
			files = (
			);
			runOnlyForDeploymentPostprocessing = 0;
		};
		C013673928996E5B00AE83F7 /* Resources */ = {
			isa = PBXResourcesBuildPhase;
			buildActionMask = 2147483647;
			files = (
			);
			runOnlyForDeploymentPostprocessing = 0;
		};
/* End PBXResourcesBuildPhase section */

/* Begin PBXShellScriptBuildPhase section */
		C0C89A73289A60F000BDB174 /* ShellScript */ = {
			isa = PBXShellScriptBuildPhase;
			alwaysOutOfDate = 1;
			buildActionMask = 2147483647;
			files = (
			);
			inputFileListPaths = (
			);
			inputPaths = (
			);
			outputFileListPaths = (
			);
			outputPaths = (
			);
			runOnlyForDeploymentPostprocessing = 0;
			shellPath = /bin/sh;
			shellScript = "# Type a script or drag a script file from your workspace to insert its path.\nif which swiftlint >/dev/null; then\n  swiftlint\nelse\n  echo \"warning: SwiftLint not installed, download from https://github.com/realm/SwiftLint\"\nfi\n";
		};
/* End PBXShellScriptBuildPhase section */

/* Begin PBXSourcesBuildPhase section */
		C013671D28996E5900AE83F7 /* Sources */ = {
			isa = PBXSourcesBuildPhase;
			buildActionMask = 2147483647;
			files = (
				C01367602899794400AE83F7 /* New.swift in Sources */,
				C0C89A79289A668000BDB174 /* StockListViewModel.swift in Sources */,
				C0C53ED5289ACE970030228A /* NewsArticleViewModel.swift in Sources */,
				C013672728996E5900AE83F7 /* ContentView.swift in Sources */,
				C01367592899747B00AE83F7 /* GetStocks.swift in Sources */,
				C013672528996E5900AE83F7 /* Simple_StocksApp.swift in Sources */,
				C0C53ECE289AB5420030228A /* StockView.swift in Sources */,
				C013675C2899748500AE83F7 /* GetNews.swift in Sources */,
				C0C53ED0289ACC550030228A /* NewsArticleView.swift in Sources */,
				C01367502899732D00AE83F7 /* Stock.swift in Sources */,
				C01367552899737B00AE83F7 /* AppContants.swift in Sources */,
				C0C89A72289A5FD600BDB174 /* StockViewModel.swift in Sources */,
			);
			runOnlyForDeploymentPostprocessing = 0;
		};
		C013672D28996E5B00AE83F7 /* Sources */ = {
			isa = PBXSourcesBuildPhase;
			buildActionMask = 2147483647;
			files = (
				C01367562899737B00AE83F7 /* AppContants.swift in Sources */,
				C013675D2899748500AE83F7 /* GetNews.swift in Sources */,
				C013675A2899747B00AE83F7 /* GetStocks.swift in Sources */,
				C01367512899732D00AE83F7 /* Stock.swift in Sources */,
				C01367612899794400AE83F7 /* New.swift in Sources */,
				C013673628996E5B00AE83F7 /* Simple_StocksTests.swift in Sources */,
			);
			runOnlyForDeploymentPostprocessing = 0;
		};
		C013673728996E5B00AE83F7 /* Sources */ = {
			isa = PBXSourcesBuildPhase;
			buildActionMask = 2147483647;
			files = (
				C013674028996E5B00AE83F7 /* Simple_StocksUITests.swift in Sources */,
				C013674228996E5B00AE83F7 /* Simple_StocksUITestsLaunchTests.swift in Sources */,
			);
			runOnlyForDeploymentPostprocessing = 0;
		};
/* End PBXSourcesBuildPhase section */

/* Begin PBXTargetDependency section */
		C013673328996E5B00AE83F7 /* PBXTargetDependency */ = {
			isa = PBXTargetDependency;
			target = C013672028996E5900AE83F7 /* Simple Stocks */;
			targetProxy = C013673228996E5B00AE83F7 /* PBXContainerItemProxy */;
		};
		C013673D28996E5B00AE83F7 /* PBXTargetDependency */ = {
			isa = PBXTargetDependency;
			target = C013672028996E5900AE83F7 /* Simple Stocks */;
			targetProxy = C013673C28996E5B00AE83F7 /* PBXContainerItemProxy */;
		};
/* End PBXTargetDependency section */

/* Begin XCBuildConfiguration section */
		C013674328996E5B00AE83F7 /* Debug */ = {
			isa = XCBuildConfiguration;
			buildSettings = {
				ALWAYS_SEARCH_USER_PATHS = NO;
				CLANG_ANALYZER_NONNULL = YES;
				CLANG_ANALYZER_NUMBER_OBJECT_CONVERSION = YES_AGGRESSIVE;
				CLANG_CXX_LANGUAGE_STANDARD = "gnu++17";
				CLANG_ENABLE_MODULES = YES;
				CLANG_ENABLE_OBJC_ARC = YES;
				CLANG_ENABLE_OBJC_WEAK = YES;
				CLANG_WARN_BLOCK_CAPTURE_AUTORELEASING = YES;
				CLANG_WARN_BOOL_CONVERSION = YES;
				CLANG_WARN_COMMA = YES;
				CLANG_WARN_CONSTANT_CONVERSION = YES;
				CLANG_WARN_DEPRECATED_OBJC_IMPLEMENTATIONS = YES;
				CLANG_WARN_DIRECT_OBJC_ISA_USAGE = YES_ERROR;
				CLANG_WARN_DOCUMENTATION_COMMENTS = YES;
				CLANG_WARN_EMPTY_BODY = YES;
				CLANG_WARN_ENUM_CONVERSION = YES;
				CLANG_WARN_INFINITE_RECURSION = YES;
				CLANG_WARN_INT_CONVERSION = YES;
				CLANG_WARN_NON_LITERAL_NULL_CONVERSION = YES;
				CLANG_WARN_OBJC_IMPLICIT_RETAIN_SELF = YES;
				CLANG_WARN_OBJC_LITERAL_CONVERSION = YES;
				CLANG_WARN_OBJC_ROOT_CLASS = YES_ERROR;
				CLANG_WARN_QUOTED_INCLUDE_IN_FRAMEWORK_HEADER = YES;
				CLANG_WARN_RANGE_LOOP_ANALYSIS = YES;
				CLANG_WARN_STRICT_PROTOTYPES = YES;
				CLANG_WARN_SUSPICIOUS_MOVE = YES;
				CLANG_WARN_UNGUARDED_AVAILABILITY = YES_AGGRESSIVE;
				CLANG_WARN_UNREACHABLE_CODE = YES;
				CLANG_WARN__DUPLICATE_METHOD_MATCH = YES;
				COPY_PHASE_STRIP = NO;
				DEBUG_INFORMATION_FORMAT = dwarf;
				ENABLE_STRICT_OBJC_MSGSEND = YES;
				ENABLE_TESTABILITY = YES;
				GCC_C_LANGUAGE_STANDARD = gnu11;
				GCC_DYNAMIC_NO_PIC = NO;
				GCC_NO_COMMON_BLOCKS = YES;
				GCC_OPTIMIZATION_LEVEL = 0;
				GCC_PREPROCESSOR_DEFINITIONS = (
					"DEBUG=1",
					"$(inherited)",
				);
				GCC_WARN_64_TO_32_BIT_CONVERSION = YES;
				GCC_WARN_ABOUT_RETURN_TYPE = YES_ERROR;
				GCC_WARN_UNDECLARED_SELECTOR = YES;
				GCC_WARN_UNINITIALIZED_AUTOS = YES_AGGRESSIVE;
				GCC_WARN_UNUSED_FUNCTION = YES;
				GCC_WARN_UNUSED_VARIABLE = YES;
				IPHONEOS_DEPLOYMENT_TARGET = 16.0;
				MTL_ENABLE_DEBUG_INFO = INCLUDE_SOURCE;
				MTL_FAST_MATH = YES;
				ONLY_ACTIVE_ARCH = YES;
				SDKROOT = iphoneos;
				SWIFT_ACTIVE_COMPILATION_CONDITIONS = DEBUG;
				SWIFT_OPTIMIZATION_LEVEL = "-Onone";
			};
			name = Debug;
		};
		C013674428996E5B00AE83F7 /* Release */ = {
			isa = XCBuildConfiguration;
			buildSettings = {
				ALWAYS_SEARCH_USER_PATHS = NO;
				CLANG_ANALYZER_NONNULL = YES;
				CLANG_ANALYZER_NUMBER_OBJECT_CONVERSION = YES_AGGRESSIVE;
				CLANG_CXX_LANGUAGE_STANDARD = "gnu++17";
				CLANG_ENABLE_MODULES = YES;
				CLANG_ENABLE_OBJC_ARC = YES;
				CLANG_ENABLE_OBJC_WEAK = YES;
				CLANG_WARN_BLOCK_CAPTURE_AUTORELEASING = YES;
				CLANG_WARN_BOOL_CONVERSION = YES;
				CLANG_WARN_COMMA = YES;
				CLANG_WARN_CONSTANT_CONVERSION = YES;
				CLANG_WARN_DEPRECATED_OBJC_IMPLEMENTATIONS = YES;
				CLANG_WARN_DIRECT_OBJC_ISA_USAGE = YES_ERROR;
				CLANG_WARN_DOCUMENTATION_COMMENTS = YES;
				CLANG_WARN_EMPTY_BODY = YES;
				CLANG_WARN_ENUM_CONVERSION = YES;
				CLANG_WARN_INFINITE_RECURSION = YES;
				CLANG_WARN_INT_CONVERSION = YES;
				CLANG_WARN_NON_LITERAL_NULL_CONVERSION = YES;
				CLANG_WARN_OBJC_IMPLICIT_RETAIN_SELF = YES;
				CLANG_WARN_OBJC_LITERAL_CONVERSION = YES;
				CLANG_WARN_OBJC_ROOT_CLASS = YES_ERROR;
				CLANG_WARN_QUOTED_INCLUDE_IN_FRAMEWORK_HEADER = YES;
				CLANG_WARN_RANGE_LOOP_ANALYSIS = YES;
				CLANG_WARN_STRICT_PROTOTYPES = YES;
				CLANG_WARN_SUSPICIOUS_MOVE = YES;
				CLANG_WARN_UNGUARDED_AVAILABILITY = YES_AGGRESSIVE;
				CLANG_WARN_UNREACHABLE_CODE = YES;
				CLANG_WARN__DUPLICATE_METHOD_MATCH = YES;
				COPY_PHASE_STRIP = NO;
				DEBUG_INFORMATION_FORMAT = "dwarf-with-dsym";
				ENABLE_NS_ASSERTIONS = NO;
				ENABLE_STRICT_OBJC_MSGSEND = YES;
				GCC_C_LANGUAGE_STANDARD = gnu11;
				GCC_NO_COMMON_BLOCKS = YES;
				GCC_WARN_64_TO_32_BIT_CONVERSION = YES;
				GCC_WARN_ABOUT_RETURN_TYPE = YES_ERROR;
				GCC_WARN_UNDECLARED_SELECTOR = YES;
				GCC_WARN_UNINITIALIZED_AUTOS = YES_AGGRESSIVE;
				GCC_WARN_UNUSED_FUNCTION = YES;
				GCC_WARN_UNUSED_VARIABLE = YES;
				IPHONEOS_DEPLOYMENT_TARGET = 16.0;
				MTL_ENABLE_DEBUG_INFO = NO;
				MTL_FAST_MATH = YES;
				SDKROOT = iphoneos;
				SWIFT_COMPILATION_MODE = wholemodule;
				SWIFT_OPTIMIZATION_LEVEL = "-O";
				VALIDATE_PRODUCT = YES;
			};
			name = Release;
		};
		C013674628996E5B00AE83F7 /* Debug */ = {
			isa = XCBuildConfiguration;
			buildSettings = {
				ASSETCATALOG_COMPILER_APPICON_NAME = AppIcon;
				ASSETCATALOG_COMPILER_GLOBAL_ACCENT_COLOR_NAME = AccentColor;
				CODE_SIGN_STYLE = Automatic;
				CURRENT_PROJECT_VERSION = 1;
				DEVELOPMENT_ASSET_PATHS = "\"Simple Stocks/Preview Content\"";
				ENABLE_PREVIEWS = YES;
				GENERATE_INFOPLIST_FILE = YES;
				INFOPLIST_KEY_UIApplicationSceneManifest_Generation = YES;
				INFOPLIST_KEY_UIApplicationSupportsIndirectInputEvents = YES;
				INFOPLIST_KEY_UILaunchScreen_Generation = YES;
				INFOPLIST_KEY_UISupportedInterfaceOrientations_iPad = "UIInterfaceOrientationPortrait UIInterfaceOrientationPortraitUpsideDown UIInterfaceOrientationLandscapeLeft UIInterfaceOrientationLandscapeRight";
				INFOPLIST_KEY_UISupportedInterfaceOrientations_iPhone = "UIInterfaceOrientationPortrait UIInterfaceOrientationLandscapeLeft UIInterfaceOrientationLandscapeRight";
				LD_RUNPATH_SEARCH_PATHS = (
					"$(inherited)",
					"@executable_path/Frameworks",
				);
				MARKETING_VERSION = 1.0;
				PRODUCT_BUNDLE_IDENTIFIER = "com.Simple-Stocks";
				PRODUCT_NAME = "$(TARGET_NAME)";
				SWIFT_EMIT_LOC_STRINGS = YES;
				SWIFT_VERSION = 5.0;
				TARGETED_DEVICE_FAMILY = "1,2";
			};
			name = Debug;
		};
		C013674728996E5B00AE83F7 /* Release */ = {
			isa = XCBuildConfiguration;
			buildSettings = {
				ASSETCATALOG_COMPILER_APPICON_NAME = AppIcon;
				ASSETCATALOG_COMPILER_GLOBAL_ACCENT_COLOR_NAME = AccentColor;
				CODE_SIGN_STYLE = Automatic;
				CURRENT_PROJECT_VERSION = 1;
				DEVELOPMENT_ASSET_PATHS = "\"Simple Stocks/Preview Content\"";
				ENABLE_PREVIEWS = YES;
				GENERATE_INFOPLIST_FILE = YES;
				INFOPLIST_KEY_UIApplicationSceneManifest_Generation = YES;
				INFOPLIST_KEY_UIApplicationSupportsIndirectInputEvents = YES;
				INFOPLIST_KEY_UILaunchScreen_Generation = YES;
				INFOPLIST_KEY_UISupportedInterfaceOrientations_iPad = "UIInterfaceOrientationPortrait UIInterfaceOrientationPortraitUpsideDown UIInterfaceOrientationLandscapeLeft UIInterfaceOrientationLandscapeRight";
				INFOPLIST_KEY_UISupportedInterfaceOrientations_iPhone = "UIInterfaceOrientationPortrait UIInterfaceOrientationLandscapeLeft UIInterfaceOrientationLandscapeRight";
				LD_RUNPATH_SEARCH_PATHS = (
					"$(inherited)",
					"@executable_path/Frameworks",
				);
				MARKETING_VERSION = 1.0;
				PRODUCT_BUNDLE_IDENTIFIER = "com.Simple-Stocks";
				PRODUCT_NAME = "$(TARGET_NAME)";
				SWIFT_EMIT_LOC_STRINGS = YES;
				SWIFT_VERSION = 5.0;
				TARGETED_DEVICE_FAMILY = "1,2";
			};
			name = Release;
		};
		C013674928996E5B00AE83F7 /* Debug */ = {
			isa = XCBuildConfiguration;
			buildSettings = {
				ALWAYS_EMBED_SWIFT_STANDARD_LIBRARIES = YES;
				BUNDLE_LOADER = "$(TEST_HOST)";
				CODE_SIGN_STYLE = Automatic;
				CURRENT_PROJECT_VERSION = 1;
				GENERATE_INFOPLIST_FILE = YES;
				IPHONEOS_DEPLOYMENT_TARGET = 16.0;
				MARKETING_VERSION = 1.0;
				PRODUCT_BUNDLE_IDENTIFIER = "com.Simple-StocksTests";
				PRODUCT_NAME = "$(TARGET_NAME)";
				SWIFT_EMIT_LOC_STRINGS = NO;
				SWIFT_VERSION = 5.0;
				TARGETED_DEVICE_FAMILY = "1,2";
				TEST_HOST = "$(BUILT_PRODUCTS_DIR)/Simple Stocks.app/$(BUNDLE_EXECUTABLE_FOLDER_PATH)/Simple Stocks";
			};
			name = Debug;
		};
		C013674A28996E5B00AE83F7 /* Release */ = {
			isa = XCBuildConfiguration;
			buildSettings = {
				ALWAYS_EMBED_SWIFT_STANDARD_LIBRARIES = YES;
				BUNDLE_LOADER = "$(TEST_HOST)";
				CODE_SIGN_STYLE = Automatic;
				CURRENT_PROJECT_VERSION = 1;
				GENERATE_INFOPLIST_FILE = YES;
				IPHONEOS_DEPLOYMENT_TARGET = 16.0;
				MARKETING_VERSION = 1.0;
				PRODUCT_BUNDLE_IDENTIFIER = "com.Simple-StocksTests";
				PRODUCT_NAME = "$(TARGET_NAME)";
				SWIFT_EMIT_LOC_STRINGS = NO;
				SWIFT_VERSION = 5.0;
				TARGETED_DEVICE_FAMILY = "1,2";
				TEST_HOST = "$(BUILT_PRODUCTS_DIR)/Simple Stocks.app/$(BUNDLE_EXECUTABLE_FOLDER_PATH)/Simple Stocks";
			};
			name = Release;
		};
		C013674C28996E5B00AE83F7 /* Debug */ = {
			isa = XCBuildConfiguration;
			buildSettings = {
				ALWAYS_EMBED_SWIFT_STANDARD_LIBRARIES = YES;
				CODE_SIGN_STYLE = Automatic;
				CURRENT_PROJECT_VERSION = 1;
				GENERATE_INFOPLIST_FILE = YES;
				MARKETING_VERSION = 1.0;
				PRODUCT_BUNDLE_IDENTIFIER = "com.Simple-StocksUITests";
				PRODUCT_NAME = "$(TARGET_NAME)";
				SWIFT_EMIT_LOC_STRINGS = NO;
				SWIFT_VERSION = 5.0;
				TARGETED_DEVICE_FAMILY = "1,2";
				TEST_TARGET_NAME = "Simple Stocks";
			};
			name = Debug;
		};
		C013674D28996E5B00AE83F7 /* Release */ = {
			isa = XCBuildConfiguration;
			buildSettings = {
				ALWAYS_EMBED_SWIFT_STANDARD_LIBRARIES = YES;
				CODE_SIGN_STYLE = Automatic;
				CURRENT_PROJECT_VERSION = 1;
				GENERATE_INFOPLIST_FILE = YES;
				MARKETING_VERSION = 1.0;
				PRODUCT_BUNDLE_IDENTIFIER = "com.Simple-StocksUITests";
				PRODUCT_NAME = "$(TARGET_NAME)";
				SWIFT_EMIT_LOC_STRINGS = NO;
				SWIFT_VERSION = 5.0;
				TARGETED_DEVICE_FAMILY = "1,2";
				TEST_TARGET_NAME = "Simple Stocks";
			};
			name = Release;
		};
/* End XCBuildConfiguration section */

/* Begin XCConfigurationList section */
		C013671C28996E5900AE83F7 /* Build configuration list for PBXProject "Simple Stocks" */ = {
			isa = XCConfigurationList;
			buildConfigurations = (
				C013674328996E5B00AE83F7 /* Debug */,
				C013674428996E5B00AE83F7 /* Release */,
			);
			defaultConfigurationIsVisible = 0;
			defaultConfigurationName = Release;
		};
		C013674528996E5B00AE83F7 /* Build configuration list for PBXNativeTarget "Simple Stocks" */ = {
			isa = XCConfigurationList;
			buildConfigurations = (
				C013674628996E5B00AE83F7 /* Debug */,
				C013674728996E5B00AE83F7 /* Release */,
			);
			defaultConfigurationIsVisible = 0;
			defaultConfigurationName = Release;
		};
		C013674828996E5B00AE83F7 /* Build configuration list for PBXNativeTarget "Simple StocksTests" */ = {
			isa = XCConfigurationList;
			buildConfigurations = (
				C013674928996E5B00AE83F7 /* Debug */,
				C013674A28996E5B00AE83F7 /* Release */,
			);
			defaultConfigurationIsVisible = 0;
			defaultConfigurationName = Release;
		};
		C013674B28996E5B00AE83F7 /* Build configuration list for PBXNativeTarget "Simple StocksUITests" */ = {
			isa = XCConfigurationList;
			buildConfigurations = (
				C013674C28996E5B00AE83F7 /* Debug */,
				C013674D28996E5B00AE83F7 /* Release */,
			);
			defaultConfigurationIsVisible = 0;
			defaultConfigurationName = Release;
		};
/* End XCConfigurationList section */

/* Begin XCRemoteSwiftPackageReference section */
		C0C53ED1289ACD070030228A /* XCRemoteSwiftPackageReference "url-image" */ = {
			isa = XCRemoteSwiftPackageReference;
			repositoryURL = "https://github.com/dmytro-anokhin/url-image.git";
			requirement = {
				kind = upToNextMajorVersion;
				minimumVersion = 3.0.0;
			};
		};
/* End XCRemoteSwiftPackageReference section */

/* Begin XCSwiftPackageProductDependency section */
		C0C53ED2289ACD070030228A /* URLImage */ = {
			isa = XCSwiftPackageProductDependency;
			package = C0C53ED1289ACD070030228A /* XCRemoteSwiftPackageReference "url-image" */;
			productName = URLImage;
		};
/* End XCSwiftPackageProductDependency section */
	};
	rootObject = C013671928996E5900AE83F7 /* Project object */;
}
